
Microsoft Visual Studio Solution File, Format Version 12.00
# Visual Studio Version 17
VisualStudioVersion = 17.2.32526.322
MinimumVisualStudioVersion = 10.0.40219.1
Project("{FAE04EC0-301F-11D3-BF4B-00C04F79EFBC}") = "OrderProcessingSystemDotnet", "OrderProcessingSystemDotnet\OrderProcessingSystemDotnet.csproj", "{FB118382-8E69-4CEC-B5F3-D78F05E2D51B}"
EndProject
Global
	GlobalSection(SolutionConfigurationPlatforms) = preSolution
		Debug|Any CPU = Debug|Any CPU
		Release|Any CPU = Release|Any CPU
	EndGlobalSection
	GlobalSection(ProjectConfigurationPlatforms) = postSolution
		{FB118382-8E69-4CEC-B5F3-D78F05E2D51B}.Debug|Any CPU.ActiveCfg = Debug|Any CPU
		{FB118382-8E69-4CEC-B5F3-D78F05E2D51B}.Debug|Any CPU.Build.0 = Debug|Any CPU
		{FB118382-8E69-4CEC-B5F3-D78F05E2D51B}.Release|Any CPU.ActiveCfg = Release|Any CPU
		{FB118382-8E69-4CEC-B5F3-D78F05E2D51B}.Release|Any CPU.Build.0 = Release|Any CPU
	EndGlobalSection
	GlobalSection(SolutionProperties) = preSolution
		HideSolutionNode = FALSE
	EndGlobalSection
	GlobalSection(ExtensibilityGlobals) = postSolution
		SolutionGuid = {FD5153EF-D019-4B76-9A1B-A719218DED79}
	EndGlobalSection
EndGlobal
